
Microsoft Visual Studio Solution File, Format Version 12.00
# Visual Studio 14
VisualStudioVersion = 14.0.23107.0
MinimumVisualStudioVersion = 10.0.40219.1
Project("{FAE04EC0-301F-11D3-BF4B-00C04F79EFBC}") = "OData_WebApi_Services", "OData_WebApi_Services\OData_WebApi_Services.csproj", "{EA93B7B0-8952-4A77-AEE6-C5711EE496FF}"
EndProject
Project("{FAE04EC0-301F-11D3-BF4B-00C04F79EFBC}") = "OData_WebApi_Model", "OData_WebApi_Model\OData_WebApi_Model.csproj", "{B051CF0A-1286-482B-941E-49C798F89BA0}"
EndProject
Global
	GlobalSection(SolutionConfigurationPlatforms) = preSolution
		Debug|Any CPU = Debug|Any CPU
		Release|Any CPU = Release|Any CPU
	EndGlobalSection
	GlobalSection(ProjectConfigurationPlatforms) = postSolution
		{EA93B7B0-8952-4A77-AEE6-C5711EE496FF}.Debug|Any CPU.ActiveCfg = Debug|Any CPU
		{EA93B7B0-8952-4A77-AEE6-C5711EE496FF}.Debug|Any CPU.Build.0 = Debug|Any CPU
		{EA93B7B0-8952-4A77-AEE6-C5711EE496FF}.Release|Any CPU.ActiveCfg = Release|Any CPU
		{EA93B7B0-8952-4A77-AEE6-C5711EE496FF}.Release|Any CPU.Build.0 = Release|Any CPU
		{B051CF0A-1286-482B-941E-49C798F89BA0}.Debug|Any CPU.ActiveCfg = Debug|Any CPU
		{B051CF0A-1286-482B-941E-49C798F89BA0}.Debug|Any CPU.Build.0 = Debug|Any CPU
		{B051CF0A-1286-482B-941E-49C798F89BA0}.Release|Any CPU.ActiveCfg = Release|Any CPU
		{B051CF0A-1286-482B-941E-49C798F89BA0}.Release|Any CPU.Build.0 = Release|Any CPU
	EndGlobalSection
	GlobalSection(SolutionProperties) = preSolution
		HideSolutionNode = FALSE
	EndGlobalSection
EndGlobal
